{
  "requires": true,
  "lockfileVersion": 1,
  "dependencies": {
    "ckeditor4": {
      "version": "4.15.1",
      "resolved": "https://registry.npmjs.org/ckeditor4/-/ckeditor4-4.15.1.tgz",
      "integrity": "sha512-t2q61VG2h0i5DwZ+G3jTesrBSGnhNK0iKVdSzLBKx40PQzcDUDZOWJbMlpbAOuMzAAS096x5J2H4u/IyQRl1vQ=="
    }
  }
}
